
Microsoft Visual Studio Solution File, Format Version 12.00
# Visual Studio Version 16
VisualStudioVersion = 16.0.30011.22
MinimumVisualStudioVersion = 10.0.40219.1
Project("{FAE04EC0-301F-11D3-BF4B-00C04F79EFBC}") = "AspNetCoreApiSample", "AspNetCoreApiSample\AspNetCoreApiSample.csproj", "{39788015-9EBD-479D-9256-FDBB2F511D18}"
EndProject
Global
	GlobalSection(SolutionConfigurationPlatforms) = preSolution
		Debug|Any CPU = Debug|Any CPU
		Release|Any CPU = Release|Any CPU
	EndGlobalSection
	GlobalSection(ProjectConfigurationPlatforms) = postSolution
		{39788015-9EBD-479D-9256-FDBB2F511D18}.Debug|Any CPU.ActiveCfg = Debug|Any CPU
		{39788015-9EBD-479D-9256-FDBB2F511D18}.Debug|Any CPU.Build.0 = Debug|Any CPU
		{39788015-9EBD-479D-9256-FDBB2F511D18}.Release|Any CPU.ActiveCfg = Release|Any CPU
		{39788015-9EBD-479D-9256-FDBB2F511D18}.Release|Any CPU.Build.0 = Release|Any CPU
	EndGlobalSection
	GlobalSection(SolutionProperties) = preSolution
		HideSolutionNode = FALSE
	EndGlobalSection
	GlobalSection(ExtensibilityGlobals) = postSolution
		SolutionGuid = {42241A95-AD7C-4AB7-925A-48AA67D2AB50}
	EndGlobalSection
EndGlobal
